
Microsoft Visual Studio Solution File, Format Version 12.00
# Visual Studio 15
VisualStudioVersion = 15.0.26430.14
MinimumVisualStudioVersion = 10.0.40219.1
Project("{FAE04EC0-301F-11D3-BF4B-00C04F79EFBC}") = "DANT2a", "DANT2a\DANT2a.csproj", "{9A5FA8C4-630F-489C-B2EA-08AB6EF874FB}"
EndProject
Global
	GlobalSection(SolutionConfigurationPlatforms) = preSolution
		Debug|Any CPU = Debug|Any CPU
		Release|Any CPU = Release|Any CPU
	EndGlobalSection
	GlobalSection(ProjectConfigurationPlatforms) = postSolution
		{9A5FA8C4-630F-489C-B2EA-08AB6EF874FB}.Debug|Any CPU.ActiveCfg = Debug|Any CPU
		{9A5FA8C4-630F-489C-B2EA-08AB6EF874FB}.Debug|Any CPU.Build.0 = Debug|Any CPU
		{9A5FA8C4-630F-489C-B2EA-08AB6EF874FB}.Release|Any CPU.ActiveCfg = Release|Any CPU
		{9A5FA8C4-630F-489C-B2EA-08AB6EF874FB}.Release|Any CPU.Build.0 = Release|Any CPU
	EndGlobalSection
	GlobalSection(SolutionProperties) = preSolution
		HideSolutionNode = FALSE
	EndGlobalSection
EndGlobal
